
Microsoft Visual Studio Solution File, Format Version 12.00
# Visual Studio Version 17
VisualStudioVersion = 17.11.35201.85
MinimumVisualStudioVersion = 10.0.40219.1
Project("{FAE04EC0-301F-11D3-BF4B-00C04F79EFBC}") = "ReboundDiskCleanup", "ReboundDiskCleanup\ReboundDiskCleanup.csproj", "{4E4F60E8-8D56-47C2-AD42-91399A3C25CF}"
EndProject
Global
	GlobalSection(SolutionConfigurationPlatforms) = preSolution
		Debug|ARM64 = Debug|ARM64
		Debug|x64 = Debug|x64
		Debug|x86 = Debug|x86
		Release|ARM64 = Release|ARM64
		Release|x64 = Release|x64
		Release|x86 = Release|x86
	EndGlobalSection
	GlobalSection(ProjectConfigurationPlatforms) = postSolution
		{4E4F60E8-8D56-47C2-AD42-91399A3C25CF}.Debug|ARM64.ActiveCfg = Debug|ARM64
		{4E4F60E8-8D56-47C2-AD42-91399A3C25CF}.Debug|ARM64.Build.0 = Debug|ARM64
		{4E4F60E8-8D56-47C2-AD42-91399A3C25CF}.Debug|ARM64.Deploy.0 = Debug|ARM64
		{4E4F60E8-8D56-47C2-AD42-91399A3C25CF}.Debug|x64.ActiveCfg = Debug|x64
		{4E4F60E8-8D56-47C2-AD42-91399A3C25CF}.Debug|x64.Build.0 = Debug|x64
		{4E4F60E8-8D56-47C2-AD42-91399A3C25CF}.Debug|x64.Deploy.0 = Debug|x64
		{4E4F60E8-8D56-47C2-AD42-91399A3C25CF}.Debug|x86.ActiveCfg = Debug|x86
		{4E4F60E8-8D56-47C2-AD42-91399A3C25CF}.Debug|x86.Build.0 = Debug|x86
		{4E4F60E8-8D56-47C2-AD42-91399A3C25CF}.Debug|x86.Deploy.0 = Debug|x86
		{4E4F60E8-8D56-47C2-AD42-91399A3C25CF}.Release|ARM64.ActiveCfg = Release|ARM64
		{4E4F60E8-8D56-47C2-AD42-91399A3C25CF}.Release|ARM64.Build.0 = Release|ARM64
		{4E4F60E8-8D56-47C2-AD42-91399A3C25CF}.Release|ARM64.Deploy.0 = Release|ARM64
		{4E4F60E8-8D56-47C2-AD42-91399A3C25CF}.Release|x64.ActiveCfg = Release|x64
		{4E4F60E8-8D56-47C2-AD42-91399A3C25CF}.Release|x64.Build.0 = Release|x64
		{4E4F60E8-8D56-47C2-AD42-91399A3C25CF}.Release|x64.Deploy.0 = Release|x64
		{4E4F60E8-8D56-47C2-AD42-91399A3C25CF}.Release|x86.ActiveCfg = Release|x86
		{4E4F60E8-8D56-47C2-AD42-91399A3C25CF}.Release|x86.Build.0 = Release|x86
		{4E4F60E8-8D56-47C2-AD42-91399A3C25CF}.Release|x86.Deploy.0 = Release|x86
	EndGlobalSection
	GlobalSection(SolutionProperties) = preSolution
		HideSolutionNode = FALSE
	EndGlobalSection
	GlobalSection(ExtensibilityGlobals) = postSolution
		SolutionGuid = {7C9D77E7-259E-4F76-994D-62E843A10A7B}
	EndGlobalSection
EndGlobal
